
Microsoft Visual Studio Solution File, Format Version 12.00
# Visual Studio Version 16
VisualStudioVersion = 16.0.31702.278
MinimumVisualStudioVersion = 10.0.40219.1
Project("{8BC9CEB8-8B4A-11D0-8D11-00A0C91BC942}") = "BFSCuda", "bfs-cuda\bfs-cuda.vcxproj", "{FB59906B-1308-462F-B1AD-210F78B147AF}"
EndProject
Project("{8BC9CEB8-8B4A-11D0-8D11-00A0C91BC942}") = "GraphGenerator", "graph-generator\graph-generator.vcxproj", "{0FE2C0A6-31CE-4B55-B5DD-09756C34CCDC}"
EndProject
Global
	GlobalSection(SolutionConfigurationPlatforms) = preSolution
		Debug|x64 = Debug|x64
		Debug|x86 = Debug|x86
		Release|x64 = Release|x64
		Release|x86 = Release|x86
	EndGlobalSection
	GlobalSection(ProjectConfigurationPlatforms) = postSolution
		{FB59906B-1308-462F-B1AD-210F78B147AF}.Debug|x64.ActiveCfg = Debug|x64
		{FB59906B-1308-462F-B1AD-210F78B147AF}.Debug|x64.Build.0 = Debug|x64
		{FB59906B-1308-462F-B1AD-210F78B147AF}.Debug|x86.ActiveCfg = Debug|x64
		{FB59906B-1308-462F-B1AD-210F78B147AF}.Release|x64.ActiveCfg = Release|x64
		{FB59906B-1308-462F-B1AD-210F78B147AF}.Release|x64.Build.0 = Release|x64
		{FB59906B-1308-462F-B1AD-210F78B147AF}.Release|x86.ActiveCfg = Release|x64
		{0FE2C0A6-31CE-4B55-B5DD-09756C34CCDC}.Debug|x64.ActiveCfg = Debug|x64
		{0FE2C0A6-31CE-4B55-B5DD-09756C34CCDC}.Debug|x64.Build.0 = Debug|x64
		{0FE2C0A6-31CE-4B55-B5DD-09756C34CCDC}.Debug|x86.ActiveCfg = Debug|x64
		{0FE2C0A6-31CE-4B55-B5DD-09756C34CCDC}.Debug|x86.Build.0 = Debug|x64
		{0FE2C0A6-31CE-4B55-B5DD-09756C34CCDC}.Release|x64.ActiveCfg = Release|x64
		{0FE2C0A6-31CE-4B55-B5DD-09756C34CCDC}.Release|x64.Build.0 = Release|x64
		{0FE2C0A6-31CE-4B55-B5DD-09756C34CCDC}.Release|x86.ActiveCfg = Release|Win32
		{0FE2C0A6-31CE-4B55-B5DD-09756C34CCDC}.Release|x86.Build.0 = Release|Win32
	EndGlobalSection
	GlobalSection(SolutionProperties) = preSolution
		HideSolutionNode = FALSE
	EndGlobalSection
	GlobalSection(ExtensibilityGlobals) = postSolution
		SolutionGuid = {A8C79CC7-E2C2-4DAD-A37E-1027ED13E5D9}
	EndGlobalSection
EndGlobal
